
Microsoft Visual Studio Solution File, Format Version 12.00
# Visual Studio Version 17
VisualStudioVersion = 17.2.32526.322
MinimumVisualStudioVersion = 10.0.40219.1
Project("{FAE04EC0-301F-11D3-BF4B-00C04F79EFBC}") = "BasicConsoleApp1", "BasicConsoleApp1\BasicConsoleApp1.csproj", "{0A2E801C-1404-4DCA-A2C4-6D669F611036}"
EndProject
Global
	GlobalSection(SolutionConfigurationPlatforms) = preSolution
		Debug|Any CPU = Debug|Any CPU
		Release|Any CPU = Release|Any CPU
	EndGlobalSection
	GlobalSection(ProjectConfigurationPlatforms) = postSolution
		{0A2E801C-1404-4DCA-A2C4-6D669F611036}.Debug|Any CPU.ActiveCfg = Debug|Any CPU
		{0A2E801C-1404-4DCA-A2C4-6D669F611036}.Debug|Any CPU.Build.0 = Debug|Any CPU
		{0A2E801C-1404-4DCA-A2C4-6D669F611036}.Release|Any CPU.ActiveCfg = Release|Any CPU
		{0A2E801C-1404-4DCA-A2C4-6D669F611036}.Release|Any CPU.Build.0 = Release|Any CPU
	EndGlobalSection
	GlobalSection(SolutionProperties) = preSolution
		HideSolutionNode = FALSE
	EndGlobalSection
	GlobalSection(ExtensibilityGlobals) = postSolution
		SolutionGuid = {3FB47B5D-14DE-409B-8ABA-5B7598114C47}
	EndGlobalSection
EndGlobal
